{
    "_readme": [
        "This file locks the dependencies of your project to a known state",
        "Read more about it at https://getcomposer.org/doc/01-basic-usage.md#composer-lock-the-lock-file",
        "This file is @generated automatically"
    ],
    "content-hash": "d80b2478ffead700f91641a51267d3c9",
    "packages": [
        {
            "name": "cronofy/cronofy",
            "version": "v0.13.5",
            "source": {
                "type": "git",
                "url": "https://github.com/cronofy/cronofy-php.git",
                "reference": "95be336ed6d0224b672f6f72f1106172770aa050"
            },
            "dist": {
                "type": "zip",
                "url": "https://api.github.com/repos/cronofy/cronofy-php/zipball/95be336ed6d0224b672f6f72f1106172770aa050",
                "reference": "95be336ed6d0224b672f6f72f1106172770aa050",
                "shasum": ""
            },
            "require": {
                "php": "^5.3.3 || ^7.0"
            },
            "type": "library",
            "autoload": {
                "files": [
                    "cronofy.php"
                ]
            },
            "notification-url": "https://packagist.org/downloads/",
            "license": [
                "MIT"
            ],
            "authors": [
                {
                    "name": "Harry Boyes",
                    "email": "harry@cronofy.com"
                }
            ],
            "description": "PHP wrapper for Cronofy's unified calendar API",
            "keywords": [
                "Authentication",
                "authorization",
                "calendar",
                "client",
                "cronofy",
                "oauth",
                "oauth2"
            ],
            "time": "2017-06-23T08:37:45+00:00"
        }
    ],
    "packages-dev": [],
    "aliases": [],
    "minimum-stability": "stable",
    "stability-flags": [],
    "prefer-stable": false,
    "prefer-lowest": false,
    "platform": [],
    "platform-dev": []
}
