{
    "_readme": [
        "This file locks the dependencies of your project to a known state",
        "Read more about it at https://getcomposer.org/doc/01-basic-usage.md#composer-lock-the-lock-file",
        "This file is @generated automatically"
    ],
    "content-hash": "492a3a6ffc0e7c43e11e6b9ab164960a",
    "packages": [
        {
            "name": "cronofy/cronofy",
            "version": "dev-real-time-scheduling",
            "source": {
                "type": "git",
                "url": "https://github.com/cronofy/cronofy-php",
                "reference": "743acc6f53aca003eb42f9a0ab76d2b3ba68124e"
            },
            "require": {
                "php": "^5.3.3 || ^7.0"
            },
            "type": "library",
            "autoload": {
                "files": [
                    "cronofy.php"
                ]
            },
            "license": [
                "MIT"
            ],
            "authors": [
                {
                    "name": "Harry Boyes",
                    "email": "harry@cronofy.com"
                }
            ],
            "description": "PHP wrapper for Cronofy's unified calendar API",
            "keywords": [
                "authentication",
                "authorization",
                "calendar",
                "client",
                "cronofy",
                "oauth",
                "oauth2"
            ],
            "time": "2017-06-22 10:39:57"
        }
    ],
    "packages-dev": [],
    "aliases": [],
    "minimum-stability": "stable",
    "stability-flags": {
        "cronofy/cronofy": 20
    },
    "prefer-stable": false,
    "prefer-lowest": false,
    "platform": [],
    "platform-dev": []
}
